
Microsoft Visual Studio Solution File, Format Version 12.00
# Visual Studio Version 17
VisualStudioVersion = 17.3.32901.215
MinimumVisualStudioVersion = 10.0.40219.1
Project("{FAE04EC0-301F-11D3-BF4B-00C04F79EFBC}") = "Aula208", "Aula208\Aula208.csproj", "{380477FA-4D8F-47E3-A384-5AB82F634593}"
EndProject
Global
	GlobalSection(SolutionConfigurationPlatforms) = preSolution
		Debug|Any CPU = Debug|Any CPU
		Release|Any CPU = Release|Any CPU
	EndGlobalSection
	GlobalSection(ProjectConfigurationPlatforms) = postSolution
		{380477FA-4D8F-47E3-A384-5AB82F634593}.Debug|Any CPU.ActiveCfg = Debug|Any CPU
		{380477FA-4D8F-47E3-A384-5AB82F634593}.Debug|Any CPU.Build.0 = Debug|Any CPU
		{380477FA-4D8F-47E3-A384-5AB82F634593}.Release|Any CPU.ActiveCfg = Release|Any CPU
		{380477FA-4D8F-47E3-A384-5AB82F634593}.Release|Any CPU.Build.0 = Release|Any CPU
	EndGlobalSection
	GlobalSection(SolutionProperties) = preSolution
		HideSolutionNode = FALSE
	EndGlobalSection
	GlobalSection(ExtensibilityGlobals) = postSolution
		SolutionGuid = {7F7A1292-8E44-4550-9962-E700CC416E8F}
	EndGlobalSection
EndGlobal
