
Microsoft Visual Studio Solution File, Format Version 12.00
# Visual Studio Version 17
VisualStudioVersion = 17.3.32901.215
MinimumVisualStudioVersion = 10.0.40219.1
Project("{FAE04EC0-301F-11D3-BF4B-00C04F79EFBC}") = "Aula51", "Aula51\Aula51.csproj", "{30DF5BFF-F18F-4640-BA28-5AD0D124F819}"
EndProject
Global
	GlobalSection(SolutionConfigurationPlatforms) = preSolution
		Debug|Any CPU = Debug|Any CPU
		Release|Any CPU = Release|Any CPU
	EndGlobalSection
	GlobalSection(ProjectConfigurationPlatforms) = postSolution
		{30DF5BFF-F18F-4640-BA28-5AD0D124F819}.Debug|Any CPU.ActiveCfg = Debug|Any CPU
		{30DF5BFF-F18F-4640-BA28-5AD0D124F819}.Debug|Any CPU.Build.0 = Debug|Any CPU
		{30DF5BFF-F18F-4640-BA28-5AD0D124F819}.Release|Any CPU.ActiveCfg = Release|Any CPU
		{30DF5BFF-F18F-4640-BA28-5AD0D124F819}.Release|Any CPU.Build.0 = Release|Any CPU
	EndGlobalSection
	GlobalSection(SolutionProperties) = preSolution
		HideSolutionNode = FALSE
	EndGlobalSection
	GlobalSection(ExtensibilityGlobals) = postSolution
		SolutionGuid = {D9A1D416-CD42-49DF-BC71-26A8D556E7A9}
	EndGlobalSection
EndGlobal
