
Microsoft Visual Studio Solution File, Format Version 12.00
# Visual Studio Version 17
VisualStudioVersion = 17.4.33103.184
MinimumVisualStudioVersion = 10.0.40219.1
Project("{FAE04EC0-301F-11D3-BF4B-00C04F79EFBC}") = "Aula226", "Aula226\Aula226.csproj", "{BED3D3F1-9A5E-44D9-A18B-D17F73A61F0C}"
EndProject
Global
	GlobalSection(SolutionConfigurationPlatforms) = preSolution
		Debug|Any CPU = Debug|Any CPU
		Release|Any CPU = Release|Any CPU
	EndGlobalSection
	GlobalSection(ProjectConfigurationPlatforms) = postSolution
		{BED3D3F1-9A5E-44D9-A18B-D17F73A61F0C}.Debug|Any CPU.ActiveCfg = Debug|Any CPU
		{BED3D3F1-9A5E-44D9-A18B-D17F73A61F0C}.Debug|Any CPU.Build.0 = Debug|Any CPU
		{BED3D3F1-9A5E-44D9-A18B-D17F73A61F0C}.Release|Any CPU.ActiveCfg = Release|Any CPU
		{BED3D3F1-9A5E-44D9-A18B-D17F73A61F0C}.Release|Any CPU.Build.0 = Release|Any CPU
	EndGlobalSection
	GlobalSection(SolutionProperties) = preSolution
		HideSolutionNode = FALSE
	EndGlobalSection
	GlobalSection(ExtensibilityGlobals) = postSolution
		SolutionGuid = {D432E64D-A0F9-442A-A105-FA9C0DD41077}
	EndGlobalSection
EndGlobal
