
Microsoft Visual Studio Solution File, Format Version 12.00
# Visual Studio Version 17
VisualStudioVersion = 17.3.32901.215
MinimumVisualStudioVersion = 10.0.40219.1
Project("{FAE04EC0-301F-11D3-BF4B-00C04F79EFBC}") = "Aula78", "Aula78\Aula78.csproj", "{FF8AD4DF-ED3A-49BE-A7B1-7E98DE1EB052}"
EndProject
Global
	GlobalSection(SolutionConfigurationPlatforms) = preSolution
		Debug|Any CPU = Debug|Any CPU
		Release|Any CPU = Release|Any CPU
	EndGlobalSection
	GlobalSection(ProjectConfigurationPlatforms) = postSolution
		{FF8AD4DF-ED3A-49BE-A7B1-7E98DE1EB052}.Debug|Any CPU.ActiveCfg = Debug|Any CPU
		{FF8AD4DF-ED3A-49BE-A7B1-7E98DE1EB052}.Debug|Any CPU.Build.0 = Debug|Any CPU
		{FF8AD4DF-ED3A-49BE-A7B1-7E98DE1EB052}.Release|Any CPU.ActiveCfg = Release|Any CPU
		{FF8AD4DF-ED3A-49BE-A7B1-7E98DE1EB052}.Release|Any CPU.Build.0 = Release|Any CPU
	EndGlobalSection
	GlobalSection(SolutionProperties) = preSolution
		HideSolutionNode = FALSE
	EndGlobalSection
	GlobalSection(ExtensibilityGlobals) = postSolution
		SolutionGuid = {674282D0-FB48-4867-980D-F783B05873C9}
	EndGlobalSection
EndGlobal
