
Microsoft Visual Studio Solution File, Format Version 12.00
# Visual Studio Version 17
VisualStudioVersion = 17.3.32901.215
MinimumVisualStudioVersion = 10.0.40219.1
Project("{FAE04EC0-301F-11D3-BF4B-00C04F79EFBC}") = "Aula132", "Aula132\Aula132.csproj", "{13F80E33-31E7-48F9-95FB-2CBA5EDBFC52}"
EndProject
Global
	GlobalSection(SolutionConfigurationPlatforms) = preSolution
		Debug|Any CPU = Debug|Any CPU
		Release|Any CPU = Release|Any CPU
	EndGlobalSection
	GlobalSection(ProjectConfigurationPlatforms) = postSolution
		{13F80E33-31E7-48F9-95FB-2CBA5EDBFC52}.Debug|Any CPU.ActiveCfg = Debug|Any CPU
		{13F80E33-31E7-48F9-95FB-2CBA5EDBFC52}.Debug|Any CPU.Build.0 = Debug|Any CPU
		{13F80E33-31E7-48F9-95FB-2CBA5EDBFC52}.Release|Any CPU.ActiveCfg = Release|Any CPU
		{13F80E33-31E7-48F9-95FB-2CBA5EDBFC52}.Release|Any CPU.Build.0 = Release|Any CPU
	EndGlobalSection
	GlobalSection(SolutionProperties) = preSolution
		HideSolutionNode = FALSE
	EndGlobalSection
	GlobalSection(ExtensibilityGlobals) = postSolution
		SolutionGuid = {2739AC93-E4D9-4D0D-B2B9-710B3668F168}
	EndGlobalSection
EndGlobal
