
Microsoft Visual Studio Solution File, Format Version 12.00
# Visual Studio Version 17
VisualStudioVersion = 17.3.32901.215
MinimumVisualStudioVersion = 10.0.40219.1
Project("{FAE04EC0-301F-11D3-BF4B-00C04F79EFBC}") = "Aula128", "Aula128\Aula128.csproj", "{82113F28-0D3F-4B3C-8281-A469D5D1E5A5}"
EndProject
Global
	GlobalSection(SolutionConfigurationPlatforms) = preSolution
		Debug|Any CPU = Debug|Any CPU
		Release|Any CPU = Release|Any CPU
	EndGlobalSection
	GlobalSection(ProjectConfigurationPlatforms) = postSolution
		{82113F28-0D3F-4B3C-8281-A469D5D1E5A5}.Debug|Any CPU.ActiveCfg = Debug|Any CPU
		{82113F28-0D3F-4B3C-8281-A469D5D1E5A5}.Debug|Any CPU.Build.0 = Debug|Any CPU
		{82113F28-0D3F-4B3C-8281-A469D5D1E5A5}.Release|Any CPU.ActiveCfg = Release|Any CPU
		{82113F28-0D3F-4B3C-8281-A469D5D1E5A5}.Release|Any CPU.Build.0 = Release|Any CPU
	EndGlobalSection
	GlobalSection(SolutionProperties) = preSolution
		HideSolutionNode = FALSE
	EndGlobalSection
	GlobalSection(ExtensibilityGlobals) = postSolution
		SolutionGuid = {9B9AFC84-057C-4382-805A-31E1675B85B2}
	EndGlobalSection
EndGlobal
