
Microsoft Visual Studio Solution File, Format Version 12.00
# Visual Studio Version 17
VisualStudioVersion = 17.4.33103.184
MinimumVisualStudioVersion = 10.0.40219.1
Project("{FAE04EC0-301F-11D3-BF4B-00C04F79EFBC}") = "Aula234", "Aula234\Aula234.csproj", "{2FEC41E1-9299-4C6D-BBAA-2BBDADB32BCF}"
EndProject
Global
	GlobalSection(SolutionConfigurationPlatforms) = preSolution
		Debug|Any CPU = Debug|Any CPU
		Release|Any CPU = Release|Any CPU
	EndGlobalSection
	GlobalSection(ProjectConfigurationPlatforms) = postSolution
		{2FEC41E1-9299-4C6D-BBAA-2BBDADB32BCF}.Debug|Any CPU.ActiveCfg = Debug|Any CPU
		{2FEC41E1-9299-4C6D-BBAA-2BBDADB32BCF}.Debug|Any CPU.Build.0 = Debug|Any CPU
		{2FEC41E1-9299-4C6D-BBAA-2BBDADB32BCF}.Release|Any CPU.ActiveCfg = Release|Any CPU
		{2FEC41E1-9299-4C6D-BBAA-2BBDADB32BCF}.Release|Any CPU.Build.0 = Release|Any CPU
	EndGlobalSection
	GlobalSection(SolutionProperties) = preSolution
		HideSolutionNode = FALSE
	EndGlobalSection
	GlobalSection(ExtensibilityGlobals) = postSolution
		SolutionGuid = {0E2BBE08-AE98-4673-B6B7-FE246E553C71}
	EndGlobalSection
EndGlobal
