
Microsoft Visual Studio Solution File, Format Version 12.00
# Visual Studio Version 17
VisualStudioVersion = 17.3.32901.215
MinimumVisualStudioVersion = 10.0.40219.1
Project("{FAE04EC0-301F-11D3-BF4B-00C04F79EFBC}") = "Aula42A43", "Aula42A43\Aula42A43.csproj", "{D54EA0AA-28BC-4A8C-B326-91E8DB70DC97}"
EndProject
Global
	GlobalSection(SolutionConfigurationPlatforms) = preSolution
		Debug|Any CPU = Debug|Any CPU
		Release|Any CPU = Release|Any CPU
	EndGlobalSection
	GlobalSection(ProjectConfigurationPlatforms) = postSolution
		{D54EA0AA-28BC-4A8C-B326-91E8DB70DC97}.Debug|Any CPU.ActiveCfg = Debug|Any CPU
		{D54EA0AA-28BC-4A8C-B326-91E8DB70DC97}.Debug|Any CPU.Build.0 = Debug|Any CPU
		{D54EA0AA-28BC-4A8C-B326-91E8DB70DC97}.Release|Any CPU.ActiveCfg = Release|Any CPU
		{D54EA0AA-28BC-4A8C-B326-91E8DB70DC97}.Release|Any CPU.Build.0 = Release|Any CPU
	EndGlobalSection
	GlobalSection(SolutionProperties) = preSolution
		HideSolutionNode = FALSE
	EndGlobalSection
	GlobalSection(ExtensibilityGlobals) = postSolution
		SolutionGuid = {FF961682-301F-4BCE-93BE-2633ABC02188}
	EndGlobalSection
EndGlobal
