
Microsoft Visual Studio Solution File, Format Version 12.00
# Visual Studio Version 17
VisualStudioVersion = 17.3.32901.215
MinimumVisualStudioVersion = 10.0.40219.1
Project("{FAE04EC0-301F-11D3-BF4B-00C04F79EFBC}") = "Aula221", "Aula221\Aula221.csproj", "{81A5D614-5C43-4A26-B216-57B570026A67}"
EndProject
Global
	GlobalSection(SolutionConfigurationPlatforms) = preSolution
		Debug|Any CPU = Debug|Any CPU
		Release|Any CPU = Release|Any CPU
	EndGlobalSection
	GlobalSection(ProjectConfigurationPlatforms) = postSolution
		{81A5D614-5C43-4A26-B216-57B570026A67}.Debug|Any CPU.ActiveCfg = Debug|Any CPU
		{81A5D614-5C43-4A26-B216-57B570026A67}.Debug|Any CPU.Build.0 = Debug|Any CPU
		{81A5D614-5C43-4A26-B216-57B570026A67}.Release|Any CPU.ActiveCfg = Release|Any CPU
		{81A5D614-5C43-4A26-B216-57B570026A67}.Release|Any CPU.Build.0 = Release|Any CPU
	EndGlobalSection
	GlobalSection(SolutionProperties) = preSolution
		HideSolutionNode = FALSE
	EndGlobalSection
	GlobalSection(ExtensibilityGlobals) = postSolution
		SolutionGuid = {D862F313-10D1-43AA-9881-3AD86AE31404}
	EndGlobalSection
EndGlobal
